
Microsoft Visual Studio Solution File, Format Version 12.00
# Visual Studio Version 16
VisualStudioVersion = 16.0.30523.141
MinimumVisualStudioVersion = 10.0.40219.1
Project("{F184B08F-C81C-45F6-A57F-5ABD9991F28F}") = "SignalR.Stock", "SignalR.Stock\SignalR.Stock.vbproj", "{EB36F2D1-0766-4F29-893C-1FBB97B6970E}"
EndProject
Global
	GlobalSection(SolutionConfigurationPlatforms) = preSolution
		Debug|Any CPU = Debug|Any CPU
		Release|Any CPU = Release|Any CPU
	EndGlobalSection
	GlobalSection(ProjectConfigurationPlatforms) = postSolution
		{EB36F2D1-0766-4F29-893C-1FBB97B6970E}.Debug|Any CPU.ActiveCfg = Debug|Any CPU
		{EB36F2D1-0766-4F29-893C-1FBB97B6970E}.Debug|Any CPU.Build.0 = Debug|Any CPU
		{EB36F2D1-0766-4F29-893C-1FBB97B6970E}.Release|Any CPU.ActiveCfg = Release|Any CPU
		{EB36F2D1-0766-4F29-893C-1FBB97B6970E}.Release|Any CPU.Build.0 = Release|Any CPU
	EndGlobalSection
	GlobalSection(SolutionProperties) = preSolution
		HideSolutionNode = FALSE
	EndGlobalSection
	GlobalSection(ExtensibilityGlobals) = postSolution
		SolutionGuid = {E4AA18FB-1C71-40B8-B172-8384D0012E7F}
	EndGlobalSection
EndGlobal
